
Microsoft Visual Studio Solution File, Format Version 12.00
# Visual Studio Version 17
VisualStudioVersion = 17.12.35527.113 d17.12
MinimumVisualStudioVersion = 10.0.40219.1
Project("{FAE04EC0-301F-11D3-BF4B-00C04F79EFBC}") = "MoreTraits", "MoreTraits.csproj", "{8A63226A-C70A-4768-874E-C78F666EC648}"
EndProject
Global
	GlobalSection(SolutionConfigurationPlatforms) = preSolution
		Debug RW15|Any CPU = Debug RW15|Any CPU
		Release RW15|Any CPU = Release RW15|Any CPU
	EndGlobalSection
	GlobalSection(ProjectConfigurationPlatforms) = postSolution
		{8A63226A-C70A-4768-874E-C78F666EC648}.Debug RW15|Any CPU.ActiveCfg = Debug RW15|Any CPU
		{8A63226A-C70A-4768-874E-C78F666EC648}.Debug RW15|Any CPU.Build.0 = Debug RW15|Any CPU
		{8A63226A-C70A-4768-874E-C78F666EC648}.Release RW15|Any CPU.ActiveCfg = Debug RW15|Any CPU
		{8A63226A-C70A-4768-874E-C78F666EC648}.Release RW15|Any CPU.Build.0 = Debug RW15|Any CPU
	EndGlobalSection
	GlobalSection(SolutionProperties) = preSolution
		HideSolutionNode = FALSE
	EndGlobalSection
EndGlobal
